// !$*UTF8*$!
{
	archiveVersion = 1;
	classes = {
	};
	objectVersion = 46;
	objects = {

/* Begin PBXBuildFile section */
		0009855A15447BAC0007C369 /* UIKit.framework in Frameworks */ = {isa = PBXBuildFile; fileRef = 0009855915447BAC0007C369 /* UIKit.framework */; };
		0009855C15447BAC0007C369 /* Foundation.framework in Frameworks */ = {isa = PBXBuildFile; fileRef = 0009855B15447BAC0007C369 /* Foundation.framework */; };
		0009855E15447BAC0007C369 /* CoreGraphics.framework in Frameworks */ = {isa = PBXBuildFile; fileRef = 0009855D15447BAC0007C369 /* CoreGraphics.framework */; };
		0009856415447BAC0007C369 /* InfoPlist.strings in Resources */ = {isa = PBXBuildFile; fileRef = 0009856215447BAC0007C369 /* InfoPlist.strings */; };
		0009856615447BAC0007C369 /* main.m in Sources */ = {isa = PBXBuildFile; fileRef = 0009856515447BAC0007C369 /* main.m */; };
		0009856A15447BAC0007C369 /* AppDelegate.m in Sources */ = {isa = PBXBuildFile; fileRef = 0009856915447BAC0007C369 /* AppDelegate.m */; };
		0009856D15447BAC0007C369 /* MasterViewController.m in Sources */ = {isa = PBXBuildFile; fileRef = 0009856C15447BAC0007C369 /* MasterViewController.m */; };
		0009857315447BAC0007C369 /* MasterViewController.xib in Resources */ = {isa = PBXBuildFile; fileRef = 0009857115447BAC0007C369 /* MasterViewController.xib */; };
		000985A5154480D00007C369 /* noArtworkImage.png in Resources */ = {isa = PBXBuildFile; fileRef = 000985A0154480D00007C369 /* noArtworkImage.png */; };
		000985A6154480D00007C369 /* NextButton.png in Resources */ = {isa = PBXBuildFile; fileRef = 000985A1154480D00007C369 /* NextButton.png */; };
		000985A7154480D00007C369 /* pauseButton.png in Resources */ = {isa = PBXBuildFile; fileRef = 000985A2154480D00007C369 /* pauseButton.png */; };
		000985A8154480D00007C369 /* playButton.png in Resources */ = {isa = PBXBuildFile; fileRef = 000985A3154480D00007C369 /* playButton.png */; };
		000985A9154480D00007C369 /* PreviousButton.png in Resources */ = {isa = PBXBuildFile; fileRef = 000985A4154480D00007C369 /* PreviousButton.png */; };
		000985AB154482670007C369 /* QuartzCore.framework in Frameworks */ = {isa = PBXBuildFile; fileRef = 000985AA154482670007C369 /* QuartzCore.framework */; };
		000985AD1544826C0007C369 /* AVFoundation.framework in Frameworks */ = {isa = PBXBuildFile; fileRef = 000985AC1544826C0007C369 /* AVFoundation.framework */; };
		000985AF1544827C0007C369 /* CFNetwork.framework in Frameworks */ = {isa = PBXBuildFile; fileRef = 000985AE1544827C0007C369 /* CFNetwork.framework */; };
		000985B1154482990007C369 /* libz.dylib in Frameworks */ = {isa = PBXBuildFile; fileRef = 000985B0154482990007C369 /* libz.dylib */; };
		000985B3154482A40007C369 /* MediaPlayer.framework in Frameworks */ = {isa = PBXBuildFile; fileRef = 000985B2154482A40007C369 /* MediaPlayer.framework */; };
		000985B5154482B30007C369 /* MobileCoreServices.framework in Frameworks */ = {isa = PBXBuildFile; fileRef = 000985B4154482B30007C369 /* MobileCoreServices.framework */; };
		000985B7154482BF0007C369 /* SystemConfiguration.framework in Frameworks */ = {isa = PBXBuildFile; fileRef = 000985B6154482BF0007C369 /* SystemConfiguration.framework */; };
		000985DC154485B70007C369 /* libechonest.a in Frameworks */ = {isa = PBXBuildFile; fileRef = 000985D7154485240007C369 /* libechonest.a */; };
		00DCB6801544A7FC00092B09 /* PinchGradientView.m in Sources */ = {isa = PBXBuildFile; fileRef = 00DCB67F1544A7FC00092B09 /* PinchGradientView.m */; };
/* End PBXBuildFile section */

/* Begin PBXContainerItemProxy section */
		000985D6154485240007C369 /* PBXContainerItemProxy */ = {
			isa = PBXContainerItemProxy;
			containerPortal = 000985CE154485240007C369 /* libechonest.xcodeproj */;
			proxyType = 2;
			remoteGlobalIDString = C81C29541326DDBD0048DD51;
			remoteInfo = echonest;
		};
		000985D8154485240007C369 /* PBXContainerItemProxy */ = {
			isa = PBXContainerItemProxy;
			containerPortal = 000985CE154485240007C369 /* libechonest.xcodeproj */;
			proxyType = 2;
			remoteGlobalIDString = C869523B1329D783005F6CF5;
			remoteInfo = tests;
		};
		000985DA154485B30007C369 /* PBXContainerItemProxy */ = {
			isa = PBXContainerItemProxy;
			containerPortal = 000985CE154485240007C369 /* libechonest.xcodeproj */;
			proxyType = 1;
			remoteGlobalIDString = C81C29531326DDBD0048DD51;
			remoteInfo = echonest;
		};
/* End PBXContainerItemProxy section */

/* Begin PBXFileReference section */
		0009855515447BAC0007C369 /* mood_music.app */ = {isa = PBXFileReference; explicitFileType = wrapper.application; includeInIndex = 0; path = mood_music.app; sourceTree = BUILT_PRODUCTS_DIR; };
		0009855915447BAC0007C369 /* UIKit.framework */ = {isa = PBXFileReference; lastKnownFileType = wrapper.framework; name = UIKit.framework; path = System/Library/Frameworks/UIKit.framework; sourceTree = SDKROOT; };
		0009855B15447BAC0007C369 /* Foundation.framework */ = {isa = PBXFileReference; lastKnownFileType = wrapper.framework; name = Foundation.framework; path = System/Library/Frameworks/Foundation.framework; sourceTree = SDKROOT; };
		0009855D15447BAC0007C369 /* CoreGraphics.framework */ = {isa = PBXFileReference; lastKnownFileType = wrapper.framework; name = CoreGraphics.framework; path = System/Library/Frameworks/CoreGraphics.framework; sourceTree = SDKROOT; };
		0009856115447BAC0007C369 /* mood_music-Info.plist */ = {isa = PBXFileReference; lastKnownFileType = text.plist.xml; path = "mood_music-Info.plist"; sourceTree = "<group>"; };
		0009856315447BAC0007C369 /* en */ = {isa = PBXFileReference; lastKnownFileType = text.plist.strings; name = en; path = en.lproj/InfoPlist.strings; sourceTree = "<group>"; };
		0009856515447BAC0007C369 /* main.m */ = {isa = PBXFileReference; lastKnownFileType = sourcecode.c.objc; path = main.m; sourceTree = "<group>"; };
		0009856715447BAC0007C369 /* mood_music-Prefix.pch */ = {isa = PBXFileReference; lastKnownFileType = sourcecode.c.h; path = "mood_music-Prefix.pch"; sourceTree = "<group>"; };
		0009856815447BAC0007C369 /* AppDelegate.h */ = {isa = PBXFileReference; lastKnownFileType = sourcecode.c.h; path = AppDelegate.h; sourceTree = "<group>"; };
		0009856915447BAC0007C369 /* AppDelegate.m */ = {isa = PBXFileReference; lastKnownFileType = sourcecode.c.objc; path = AppDelegate.m; sourceTree = "<group>"; };
		0009856B15447BAC0007C369 /* MasterViewController.h */ = {isa = PBXFileReference; lastKnownFileType = sourcecode.c.h; name = MasterViewController.h; path = mood_music/MasterViewController.h; sourceTree = "<group>"; };
		0009856C15447BAC0007C369 /* MasterViewController.m */ = {isa = PBXFileReference; lastKnownFileType = sourcecode.c.objc; name = MasterViewController.m; path = mood_music/MasterViewController.m; sourceTree = "<group>"; };
		0009857215447BAC0007C369 /* en */ = {isa = PBXFileReference; lastKnownFileType = file.xib; name = en; path = en.lproj/MasterViewController.xib; sourceTree = "<group>"; };
		000985A0154480D00007C369 /* noArtworkImage.png */ = {isa = PBXFileReference; lastKnownFileType = image.png; path = noArtworkImage.png; sourceTree = "<group>"; };
		000985A1154480D00007C369 /* NextButton.png */ = {isa = PBXFileReference; lastKnownFileType = image.png; path = NextButton.png; sourceTree = "<group>"; };
		000985A2154480D00007C369 /* pauseButton.png */ = {isa = PBXFileReference; lastKnownFileType = image.png; path = pauseButton.png; sourceTree = "<group>"; };
		000985A3154480D00007C369 /* playButton.png */ = {isa = PBXFileReference; lastKnownFileType = image.png; path = playButton.png; sourceTree = "<group>"; };
		000985A4154480D00007C369 /* PreviousButton.png */ = {isa = PBXFileReference; lastKnownFileType = image.png; path = PreviousButton.png; sourceTree = "<group>"; };
		000985AA154482670007C369 /* QuartzCore.framework */ = {isa = PBXFileReference; lastKnownFileType = wrapper.framework; name = QuartzCore.framework; path = System/Library/Frameworks/QuartzCore.framework; sourceTree = SDKROOT; };
		000985AC1544826C0007C369 /* AVFoundation.framework */ = {isa = PBXFileReference; lastKnownFileType = wrapper.framework; name = AVFoundation.framework; path = System/Library/Frameworks/AVFoundation.framework; sourceTree = SDKROOT; };
		000985AE1544827C0007C369 /* CFNetwork.framework */ = {isa = PBXFileReference; lastKnownFileType = wrapper.framework; name = CFNetwork.framework; path = System/Library/Frameworks/CFNetwork.framework; sourceTree = SDKROOT; };
		000985B0154482990007C369 /* libz.dylib */ = {isa = PBXFileReference; lastKnownFileType = "compiled.mach-o.dylib"; name = libz.dylib; path = usr/lib/libz.dylib; sourceTree = SDKROOT; };
		000985B2154482A40007C369 /* MediaPlayer.framework */ = {isa = PBXFileReference; lastKnownFileType = wrapper.framework; name = MediaPlayer.framework; path = System/Library/Frameworks/MediaPlayer.framework; sourceTree = SDKROOT; };
		000985B4154482B30007C369 /* MobileCoreServices.framework */ = {isa = PBXFileReference; lastKnownFileType = wrapper.framework; name = MobileCoreServices.framework; path = System/Library/Frameworks/MobileCoreServices.framework; sourceTree = SDKROOT; };
		000985B6154482BF0007C369 /* SystemConfiguration.framework */ = {isa = PBXFileReference; lastKnownFileType = wrapper.framework; name = SystemConfiguration.framework; path = System/Library/Frameworks/SystemConfiguration.framework; sourceTree = SDKROOT; };
		000985CE154485240007C369 /* libechonest.xcodeproj */ = {isa = PBXFileReference; lastKnownFileType = "wrapper.pb-project"; name = libechonest.xcodeproj; path = ../libechonest/libechonest.xcodeproj; sourceTree = "<group>"; };
		00DCB67E1544A7FC00092B09 /* PinchGradientView.h */ = {isa = PBXFileReference; fileEncoding = 4; lastKnownFileType = sourcecode.c.h; name = PinchGradientView.h; path = mood_music/PinchGradientView.h; sourceTree = "<group>"; };
		00DCB67F1544A7FC00092B09 /* PinchGradientView.m */ = {isa = PBXFileReference; fileEncoding = 4; lastKnownFileType = sourcecode.c.objc; name = PinchGradientView.m; path = mood_music/PinchGradientView.m; sourceTree = "<group>"; };
/* End PBXFileReference section */

/* Begin PBXFrameworksBuildPhase section */
		0009855215447BAC0007C369 /* Frameworks */ = {
			isa = PBXFrameworksBuildPhase;
			buildActionMask = 2147483647;
			files = (
				000985DC154485B70007C369 /* libechonest.a in Frameworks */,
				000985B7154482BF0007C369 /* SystemConfiguration.framework in Frameworks */,
				000985B5154482B30007C369 /* MobileCoreServices.framework in Frameworks */,
				000985B3154482A40007C369 /* MediaPlayer.framework in Frameworks */,
				000985B1154482990007C369 /* libz.dylib in Frameworks */,
				000985AF1544827C0007C369 /* CFNetwork.framework in Frameworks */,
				000985AD1544826C0007C369 /* AVFoundation.framework in Frameworks */,
				000985AB154482670007C369 /* QuartzCore.framework in Frameworks */,
				0009855A15447BAC0007C369 /* UIKit.framework in Frameworks */,
				0009855C15447BAC0007C369 /* Foundation.framework in Frameworks */,
				0009855E15447BAC0007C369 /* CoreGraphics.framework in Frameworks */,
			);
			runOnlyForDeploymentPostprocessing = 0;
		};
/* End PBXFrameworksBuildPhase section */

/* Begin PBXGroup section */
		0009854A15447BAC0007C369 = {
			isa = PBXGroup;
			children = (
				000985CE154485240007C369 /* libechonest.xcodeproj */,
				0009857D15447C160007C369 /* Classes */,
				00DCB67B1544A5BF00092B09 /* Views */,
				0009855F15447BAC0007C369 /* mood_music */,
				0009857C15447BF30007C369 /* Resources */,
				0009855815447BAC0007C369 /* Frameworks */,
				0009855615447BAC0007C369 /* Products */,
			);
			sourceTree = "<group>";
		};
		0009855615447BAC0007C369 /* Products */ = {
			isa = PBXGroup;
			children = (
				0009855515447BAC0007C369 /* mood_music.app */,
			);
			name = Products;
			sourceTree = "<group>";
		};
		0009855815447BAC0007C369 /* Frameworks */ = {
			isa = PBXGroup;
			children = (
				000985B6154482BF0007C369 /* SystemConfiguration.framework */,
				000985B4154482B30007C369 /* MobileCoreServices.framework */,
				000985B2154482A40007C369 /* MediaPlayer.framework */,
				000985B0154482990007C369 /* libz.dylib */,
				000985AE1544827C0007C369 /* CFNetwork.framework */,
				000985AC1544826C0007C369 /* AVFoundation.framework */,
				000985AA154482670007C369 /* QuartzCore.framework */,
				0009855915447BAC0007C369 /* UIKit.framework */,
				0009855B15447BAC0007C369 /* Foundation.framework */,
				0009855D15447BAC0007C369 /* CoreGraphics.framework */,
			);
			name = Frameworks;
			sourceTree = "<group>";
		};
		0009855F15447BAC0007C369 /* mood_music */ = {
			isa = PBXGroup;
			children = (
				0009856815447BAC0007C369 /* AppDelegate.h */,
				0009856915447BAC0007C369 /* AppDelegate.m */,
				0009856015447BAC0007C369 /* Supporting Files */,
			);
			path = mood_music;
			sourceTree = "<group>";
		};
		0009856015447BAC0007C369 /* Supporting Files */ = {
			isa = PBXGroup;
			children = (
				0009856115447BAC0007C369 /* mood_music-Info.plist */,
				0009856215447BAC0007C369 /* InfoPlist.strings */,
				0009856515447BAC0007C369 /* main.m */,
				0009856715447BAC0007C369 /* mood_music-Prefix.pch */,
			);
			name = "Supporting Files";
			sourceTree = "<group>";
		};
		0009857C15447BF30007C369 /* Resources */ = {
			isa = PBXGroup;
			children = (
				0009859F154480BC0007C369 /* Images */,
				0009859E154480B40007C369 /* XIB */,
			);
			name = Resources;
			path = mood_music;
			sourceTree = "<group>";
		};
		0009857D15447C160007C369 /* Classes */ = {
			isa = PBXGroup;
			children = (
				0009856B15447BAC0007C369 /* MasterViewController.h */,
				0009856C15447BAC0007C369 /* MasterViewController.m */,
			);
			name = Classes;
			sourceTree = "<group>";
		};
		0009859E154480B40007C369 /* XIB */ = {
			isa = PBXGroup;
			children = (
				0009857115447BAC0007C369 /* MasterViewController.xib */,
			);
			name = XIB;
			sourceTree = "<group>";
		};
		0009859F154480BC0007C369 /* Images */ = {
			isa = PBXGroup;
			children = (
				000985A0154480D00007C369 /* noArtworkImage.png */,
				000985A1154480D00007C369 /* NextButton.png */,
				000985A2154480D00007C369 /* pauseButton.png */,
				000985A3154480D00007C369 /* playButton.png */,
				000985A4154480D00007C369 /* PreviousButton.png */,
			);
			name = Images;
			sourceTree = "<group>";
		};
		000985CF154485240007C369 /* Products */ = {
			isa = PBXGroup;
			children = (
				000985D7154485240007C369 /* libechonest.a */,
				000985D9154485240007C369 /* tests.octest */,
			);
			name = Products;
			sourceTree = "<group>";
		};
		00DCB67B1544A5BF00092B09 /* Views */ = {
			isa = PBXGroup;
			children = (
				00DCB67E1544A7FC00092B09 /* PinchGradientView.h */,
				00DCB67F1544A7FC00092B09 /* PinchGradientView.m */,
			);
			name = Views;
			sourceTree = "<group>";
		};
/* End PBXGroup section */

/* Begin PBXNativeTarget section */
		0009855415447BAC0007C369 /* mood_music */ = {
			isa = PBXNativeTarget;
			buildConfigurationList = 0009857915447BAC0007C369 /* Build configuration list for PBXNativeTarget "mood_music" */;
			buildPhases = (
				0009855115447BAC0007C369 /* Sources */,
				0009855215447BAC0007C369 /* Frameworks */,
				0009855315447BAC0007C369 /* Resources */,
			);
			buildRules = (
			);
			dependencies = (
				000985DB154485B30007C369 /* PBXTargetDependency */,
			);
			name = mood_music;
			productName = mood_music;
			productReference = 0009855515447BAC0007C369 /* mood_music.app */;
			productType = "com.apple.product-type.application";
		};
/* End PBXNativeTarget section */

/* Begin PBXProject section */
		0009854C15447BAC0007C369 /* Project object */ = {
			isa = PBXProject;
			attributes = {
				LastUpgradeCheck = 0430;
			};
			buildConfigurationList = 0009854F15447BAC0007C369 /* Build configuration list for PBXProject "mood_music" */;
			compatibilityVersion = "Xcode 3.2";
			developmentRegion = English;
			hasScannedForEncodings = 0;
			knownRegions = (
				en,
			);
			mainGroup = 0009854A15447BAC0007C369;
			productRefGroup = 0009855615447BAC0007C369 /* Products */;
			projectDirPath = "";
			projectReferences = (
				{
					ProductGroup = 000985CF154485240007C369 /* Products */;
					ProjectRef = 000985CE154485240007C369 /* libechonest.xcodeproj */;
				},
			);
			projectRoot = "";
			targets = (
				0009855415447BAC0007C369 /* mood_music */,
			);
		};
/* End PBXProject section */

/* Begin PBXReferenceProxy section */
		000985D7154485240007C369 /* libechonest.a */ = {
			isa = PBXReferenceProxy;
			fileType = archive.ar;
			path = libechonest.a;
			remoteRef = 000985D6154485240007C369 /* PBXContainerItemProxy */;
			sourceTree = BUILT_PRODUCTS_DIR;
		};
		000985D9154485240007C369 /* tests.octest */ = {
			isa = PBXReferenceProxy;
			fileType = wrapper.cfbundle;
			path = tests.octest;
			remoteRef = 000985D8154485240007C369 /* PBXContainerItemProxy */;
			sourceTree = BUILT_PRODUCTS_DIR;
		};
/* End PBXReferenceProxy section */

/* Begin PBXResourcesBuildPhase section */
		0009855315447BAC0007C369 /* Resources */ = {
			isa = PBXResourcesBuildPhase;
			buildActionMask = 2147483647;
			files = (
				0009856415447BAC0007C369 /* InfoPlist.strings in Resources */,
				0009857315447BAC0007C369 /* MasterViewController.xib in Resources */,
				000985A5154480D00007C369 /* noArtworkImage.png in Resources */,
				000985A6154480D00007C369 /* NextButton.png in Resources */,
				000985A7154480D00007C369 /* pauseButton.png in Resources */,
				000985A8154480D00007C369 /* playButton.png in Resources */,
				000985A9154480D00007C369 /* PreviousButton.png in Resources */,
			);
			runOnlyForDeploymentPostprocessing = 0;
		};
/* End PBXResourcesBuildPhase section */

/* Begin PBXSourcesBuildPhase section */
		0009855115447BAC0007C369 /* Sources */ = {
			isa = PBXSourcesBuildPhase;
			buildActionMask = 2147483647;
			files = (
				0009856615447BAC0007C369 /* main.m in Sources */,
				0009856A15447BAC0007C369 /* AppDelegate.m in Sources */,
				0009856D15447BAC0007C369 /* MasterViewController.m in Sources */,
				00DCB6801544A7FC00092B09 /* PinchGradientView.m in Sources */,
			);
			runOnlyForDeploymentPostprocessing = 0;
		};
/* End PBXSourcesBuildPhase section */

/* Begin PBXTargetDependency section */
		000985DB154485B30007C369 /* PBXTargetDependency */ = {
			isa = PBXTargetDependency;
			name = echonest;
			targetProxy = 000985DA154485B30007C369 /* PBXContainerItemProxy */;
		};
/* End PBXTargetDependency section */

/* Begin PBXVariantGroup section */
		0009856215447BAC0007C369 /* InfoPlist.strings */ = {
			isa = PBXVariantGroup;
			children = (
				0009856315447BAC0007C369 /* en */,
			);
			name = InfoPlist.strings;
			sourceTree = "<group>";
		};
		0009857115447BAC0007C369 /* MasterViewController.xib */ = {
			isa = PBXVariantGroup;
			children = (
				0009857215447BAC0007C369 /* en */,
			);
			name = MasterViewController.xib;
			sourceTree = "<group>";
		};
/* End PBXVariantGroup section */

/* Begin XCBuildConfiguration section */
		0009857715447BAC0007C369 /* Debug */ = {
			isa = XCBuildConfiguration;
			buildSettings = {
				ALWAYS_SEARCH_USER_PATHS = NO;
				ARCHS = "$(ARCHS_STANDARD_32_BIT)";
				CLANG_ENABLE_OBJC_ARC = YES;
				"CODE_SIGN_IDENTITY[sdk=iphoneos*]" = "iPhone Developer";
				COPY_PHASE_STRIP = NO;
				GCC_C_LANGUAGE_STANDARD = gnu99;
				GCC_DYNAMIC_NO_PIC = NO;
				GCC_OPTIMIZATION_LEVEL = 0;
				GCC_PREPROCESSOR_DEFINITIONS = (
					"DEBUG=1",
					"$(inherited)",
				);
				GCC_SYMBOLS_PRIVATE_EXTERN = NO;
				GCC_VERSION = com.apple.compilers.llvm.clang.1_0;
				GCC_WARN_ABOUT_RETURN_TYPE = YES;
				GCC_WARN_UNINITIALIZED_AUTOS = YES;
				GCC_WARN_UNUSED_VARIABLE = YES;
				IPHONEOS_DEPLOYMENT_TARGET = 4.3;
				OTHER_LDFLAGS = (
					"-ObjC",
					"-all_load",
				);
				SDKROOT = iphoneos;
			};
			name = Debug;
		};
		0009857815447BAC0007C369 /* Release */ = {
			isa = XCBuildConfiguration;
			buildSettings = {
				ALWAYS_SEARCH_USER_PATHS = NO;
				ARCHS = "$(ARCHS_STANDARD_32_BIT)";
				CLANG_ENABLE_OBJC_ARC = YES;
				"CODE_SIGN_IDENTITY[sdk=iphoneos*]" = "iPhone Developer";
				COPY_PHASE_STRIP = YES;
				GCC_C_LANGUAGE_STANDARD = gnu99;
				GCC_VERSION = com.apple.compilers.llvm.clang.1_0;
				GCC_WARN_ABOUT_RETURN_TYPE = YES;
				GCC_WARN_UNINITIALIZED_AUTOS = YES;
				GCC_WARN_UNUSED_VARIABLE = YES;
				IPHONEOS_DEPLOYMENT_TARGET = 4.3;
				OTHER_CFLAGS = "-DNS_BLOCK_ASSERTIONS=1";
				OTHER_LDFLAGS = (
					"-ObjC",
					"-all_load",
				);
				SDKROOT = iphoneos;
				VALIDATE_PRODUCT = YES;
			};
			name = Release;
		};
		0009857A15447BAC0007C369 /* Debug */ = {
			isa = XCBuildConfiguration;
			buildSettings = {
				GCC_PRECOMPILE_PREFIX_HEADER = YES;
				GCC_PREFIX_HEADER = "mood_music/mood_music-Prefix.pch";
				INFOPLIST_FILE = "mood_music/mood_music-Info.plist";
				PRODUCT_NAME = "$(TARGET_NAME)";
				USER_HEADER_SEARCH_PATHS = "\"../libechonest/libechonest/src\" \"../libechonest/libechonest/src/JSON\"";
				WRAPPER_EXTENSION = app;
			};
			name = Debug;
		};
		0009857B15447BAC0007C369 /* Release */ = {
			isa = XCBuildConfiguration;
			buildSettings = {
				GCC_PRECOMPILE_PREFIX_HEADER = YES;
				GCC_PREFIX_HEADER = "mood_music/mood_music-Prefix.pch";
				INFOPLIST_FILE = "mood_music/mood_music-Info.plist";
				PRODUCT_NAME = "$(TARGET_NAME)";
				USER_HEADER_SEARCH_PATHS = "\"../libechonest/libechonest/src\" \"../libechonest/libechonest/src/JSON\"";
				WRAPPER_EXTENSION = app;
			};
			name = Release;
		};
/* End XCBuildConfiguration section */

/* Begin XCConfigurationList section */
		0009854F15447BAC0007C369 /* Build configuration list for PBXProject "mood_music" */ = {
			isa = XCConfigurationList;
			buildConfigurations = (
				0009857715447BAC0007C369 /* Debug */,
				0009857815447BAC0007C369 /* Release */,
			);
			defaultConfigurationIsVisible = 0;
			defaultConfigurationName = Release;
		};
		0009857915447BAC0007C369 /* Build configuration list for PBXNativeTarget "mood_music" */ = {
			isa = XCConfigurationList;
			buildConfigurations = (
				0009857A15447BAC0007C369 /* Debug */,
				0009857B15447BAC0007C369 /* Release */,
			);
			defaultConfigurationIsVisible = 0;
			defaultConfigurationName = Release;
		};
/* End XCConfigurationList section */
	};
	rootObject = 0009854C15447BAC0007C369 /* Project object */;
}
